
Microsoft Visual Studio Solution File, Format Version 10.00
# Visual Studio 2008
Project("{FAE04EC0-301F-11D3-BF4B-00C04F79EFBC}") = "ICD.CiscoAuthenticationHandler", "ICD.CiscoAuthenticationHandler\ICD.CiscoAuthenticationHandler.csproj", "{6AE6FBF8-D78B-4F96-84F7-03458A0272F2}"
EndProject
Global
	GlobalSection(SolutionConfigurationPlatforms) = preSolution
		Debug|Any CPU = Debug|Any CPU
		Release|Any CPU = Release|Any CPU
	EndGlobalSection
	GlobalSection(ProjectConfigurationPlatforms) = postSolution
		{6AE6FBF8-D78B-4F96-84F7-03458A0272F2}.Debug|Any CPU.ActiveCfg = Debug|Any CPU
		{6AE6FBF8-D78B-4F96-84F7-03458A0272F2}.Debug|Any CPU.Build.0 = Debug|Any CPU
		{6AE6FBF8-D78B-4F96-84F7-03458A0272F2}.Release|Any CPU.ActiveCfg = Release|Any CPU
		{6AE6FBF8-D78B-4F96-84F7-03458A0272F2}.Release|Any CPU.Build.0 = Release|Any CPU
	EndGlobalSection
	GlobalSection(SolutionProperties) = preSolution
		HideSolutionNode = FALSE
	EndGlobalSection
EndGlobal
